<?xml version="1.0" encoding="utf-8"?>
<Project ToolsVersion="4.0" xmlns="http://schemas.microsoft.com/developer/msbuild/2003">
  <ItemGroup>
    <Filter Include="Source Files">
      <UniqueIdentifier>{4FC737F1-C7A5-4376-A066-2A32D752A2FF}</UniqueIdentifier>
      <Extensions>cpp;c;cc;cxx;def;odl;idl;hpj;bat;asm;asmx</Extensions>
    </Filter>
    <Filter Include="Resource Files">
      <UniqueIdentifier>{67DA6AB6-F800-4c08-8B7A-83BB121AAD01}</UniqueIdentifier>
      <Extensions>rc;ico;cur;bmp;dlg;rc2;rct;bin;rgs;gif;jpg;jpeg;jpe;resx;tiff;tif;png;wav;mfcribbon-ms</Extensions>
    </Filter>
    <Filter Include="Header Files">
      <UniqueIdentifier>{93995380-89BD-4b04-88EB-625FBE52EBFB}</UniqueIdentifier>
      <Extensions>h;hh;hpp;hxx;hm;inl;inc;ipp;xsd</Extensions>
    </Filter>
  </ItemGroup>
  <ItemGroup>
    <None Include="packages.config" />
    <None Include="cpp.hint" />
    <None Include="res\ShaderData\glyph.frag">
      <Filter>Resource Files</Filter>
    </None>
    <None Include="res\ShaderData\screen.frag">
      <Filter>Resource Files</Filter>
    </None>
    <None Include="res\ShaderData\screen.vert">
      <Filter>Resource Files</Filter>
    </None>
    <None Include="res\ShaderData\sprite.frag">
      <Filter>Resource Files</Filter>
    </None>
    <None Include="res\ShaderData\sprite.vert">
      <Filter>Resource Files</Filter>
    </None>
    <None Include="res\ShaderData\CRT.frag">
      <Filter>Resource Files</Filter>
    </None>
    <None Include="res\ShaderData\CRT.vert">
      <Filter>Resource Files</Filter>
    </None>
  </ItemGroup>
  <ItemGroup>
    <ClInclude Include="Core\Rendering\OpenGL.h">
      <Filter>Header Files</Filter>
    </ClInclude>
    <ClInclude Include="Core\Rendering\Resource.h">
      <Filter>Header Files</Filter>
    </ClInclude>
    <ClInclude Include="Core\Rendering\Shader.h">
      <Filter>Header Files</Filter>
    </ClInclude>
    <ClInclude Include="Core\Rendering\SimpleTexture.h">
      <Filter>Header Files</Filter>
    </ClInclude>
    <ClInclude Include="Core\Rendering\TextureManager.h">
      <Filter>Header Files</Filter>
    </ClInclude>
    <ClInclude Include="Outrospection.h">
      <Filter>Header Files</Filter>
    </ClInclude>
    <ClInclude Include="Types.h">
      <Filter>Header Files</Filter>
    </ClInclude>
    <ClInclude Include="Util.h">
      <Filter>Header Files</Filter>
    </ClInclude>
    <ClInclude Include="KeyBinding.h">
      <Filter>Header Files</Filter>
    </ClInclude>
    <ClInclude Include="Controller.h">
      <Filter>Header Files</Filter>
    </ClInclude>
    <ClInclude Include="Constants.h">
      <Filter>Header Files</Filter>
    </ClInclude>
    <ClInclude Include="Core\Rendering\TickableTexture.h">
      <Filter>Header Files</Filter>
    </ClInclude>
    <ClInclude Include="Core\UI\UIComponent.h">
      <Filter>Header Files</Filter>
    </ClInclude>
    <ClInclude Include="Core\Rendering\FreeType.h">
      <Filter>Header Files</Filter>
    </ClInclude>
    <ClInclude Include="Core\UI\GUIPause.h">
      <Filter>Header Files</Filter>
    </ClInclude>
    <ClInclude Include="Core\UI\UIButton.h">
      <Filter>Header Files</Filter>
    </ClInclude>
    <ClInclude Include="Events\EventBus.h">
      <Filter>Header Files</Filter>
    </ClInclude>
    <ClInclude Include="Events\EventHandlerFunction.h">
      <Filter>Header Files</Filter>
    </ClInclude>
    <ClInclude Include="Events\Event.h">
      <Filter>Header Files</Filter>
    </ClInclude>
    <ClInclude Include="Events\KeyEvent.h">
      <Filter>Header Files</Filter>
    </ClInclude>
    <ClInclude Include="Events\MouseEvent.h">
      <Filter>Header Files</Filter>
    </ClInclude>
    <ClInclude Include="Core.h">
      <Filter>Header Files</Filter>
    </ClInclude>
    <ClInclude Include="Core\LayerStack.h">
      <Filter>Header Files</Filter>
    </ClInclude>
    <ClInclude Include="Core\Layer.h">
      <Filter>Header Files</Filter>
    </ClInclude>
    <ClInclude Include="Core\UI\GUILayer.h">
      <Filter>Header Files</Filter>
    </ClInclude>
    <ClInclude Include="Events\WindowEvent.h">
      <Filter>Header Files</Filter>
    </ClInclude>
    <ClInclude Include="Core\Registry.h">
      <Filter>Header Files</Filter>
    </ClInclude>
    <ClInclude Include="Core\PreInitialization.h">
      <Filter>Header Files</Filter>
    </ClInclude>
    <ClInclude Include="Tracker.h">
      <Filter>Header Files</Filter>
    </ClInclude>
    <ClInclude Include="Core\UI\GUIOctopusOverlay.h">
      <Filter>Header Files</Filter>
    </ClInclude>
    <ClInclude Include="Bounds.h">
      <Filter>Header Files</Filter>
    </ClInclude>
    <ClInclude Include="Core\UI\GUIControlsOverlay.h">
      <Filter>Header Files</Filter>
    </ClInclude>
    <ClInclude Include="Core\UI\GUIScene.h">
      <Filter>Header Files</Filter>
    </ClInclude>
    <ClInclude Include="Core\UI\GUIWelcome.h">
      <Filter>Header Files</Filter>
    </ClInclude>
    <ClInclude Include="AllLevels.h">
      <Filter>Header Files</Filter>
    </ClInclude>
    <ClInclude Include="Core\UI\GUIWinOverlay.h">
      <Filter>Header Files</Filter>
    </ClInclude>
  </ItemGroup>
  <ItemGroup>
    <ClCompile Include="Core\Rendering\TextureManager.cpp">
      <Filter>Source Files</Filter>
    </ClCompile>
    <ClCompile Include="Core\Rendering\SimpleTexture.cpp">
      <Filter>Source Files</Filter>
    </ClCompile>
    <ClCompile Include="Core\Rendering\Resource.cpp">
      <Filter>Source Files</Filter>
    </ClCompile>
    <ClCompile Include="Outrospection.cpp">
      <Filter>Source Files</Filter>
    </ClCompile>
    <ClCompile Include="Source.cpp">
      <Filter>Source Files</Filter>
    </ClCompile>
    <ClCompile Include="Util.cpp">
      <Filter>Source Files</Filter>
    </ClCompile>
    <ClCompile Include="Core\Rendering\Shader.cpp">
      <Filter>Source Files</Filter>
    </ClCompile>
    <ClCompile Include="KeyBinding.cpp">
      <Filter>Source Files</Filter>
    </ClCompile>
    <ClCompile Include="Controller.cpp">
      <Filter>Source Files</Filter>
    </ClCompile>
    <ClCompile Include="Core\Rendering\TickableTexture.cpp">
      <Filter>Source Files</Filter>
    </ClCompile>
    <ClCompile Include="Core\UI\UIComponent.cpp">
      <Filter>Source Files</Filter>
    </ClCompile>
    <ClCompile Include="Core\UI\GUIPause.cpp">
      <Filter>Source Files</Filter>
    </ClCompile>
    <ClCompile Include="Core\UI\UIButton.cpp">
      <Filter>Source Files</Filter>
    </ClCompile>
    <ClCompile Include="External\glad.c">
      <Filter>Source Files</Filter>
    </ClCompile>
    <ClCompile Include="External\stb_image.cpp">
      <Filter>Source Files</Filter>
    </ClCompile>
    <ClCompile Include="Core\LayerStack.cpp">
      <Filter>Source Files</Filter>
    </ClCompile>
    <ClCompile Include="Core\UI\GUILayer.cpp">
      <Filter>Source Files</Filter>
    </ClCompile>
    <ClCompile Include="Core\UI\GUIOctopusOverlay.cpp">
      <Filter>Source Files</Filter>
    </ClCompile>
    <ClCompile Include="Bounds.cpp">
      <Filter>Source Files</Filter>
    </ClCompile>
    <ClCompile Include="Core\UI\GUIControlsOverlay.cpp">
      <Filter>Source Files</Filter>
    </ClCompile>
    <ClCompile Include="Core\UI\GUIScene.cpp">
      <Filter>Source Files</Filter>
    </ClCompile>
    <ClCompile Include="Core\UI\GUIWelcome.cpp">
      <Filter>Source Files</Filter>
    </ClCompile>
    <ClCompile Include="Core\UI\GUIWinOverlay.cpp">
      <Filter>Source Files</Filter>
    </ClCompile>
  </ItemGroup>
</Project>